
Microsoft Visual Studio Solution File, Format Version 12.00
# Visual Studio 15
VisualStudioVersion = 15.0.28307.1267
MinimumVisualStudioVersion = 10.0.40219.1
Project("{FAE04EC0-301F-11D3-BF4B-00C04F79EFBC}") = "BelajarVCS", "BelajarVCS\BelajarVCS.csproj", "{C7D4B2BA-7DCE-4166-85E0-76C868456AE5}"
EndProject
Global
	GlobalSection(SolutionConfigurationPlatforms) = preSolution
		Debug|Any CPU = Debug|Any CPU
		Release|Any CPU = Release|Any CPU
	EndGlobalSection
	GlobalSection(ProjectConfigurationPlatforms) = postSolution
		{C7D4B2BA-7DCE-4166-85E0-76C868456AE5}.Debug|Any CPU.ActiveCfg = Debug|Any CPU
		{C7D4B2BA-7DCE-4166-85E0-76C868456AE5}.Debug|Any CPU.Build.0 = Debug|Any CPU
		{C7D4B2BA-7DCE-4166-85E0-76C868456AE5}.Release|Any CPU.ActiveCfg = Release|Any CPU
		{C7D4B2BA-7DCE-4166-85E0-76C868456AE5}.Release|Any CPU.Build.0 = Release|Any CPU
	EndGlobalSection
	GlobalSection(SolutionProperties) = preSolution
		HideSolutionNode = FALSE
	EndGlobalSection
	GlobalSection(ExtensibilityGlobals) = postSolution
		SolutionGuid = {59B971B9-1C87-4826-BE39-4CA2CF91E369}
	EndGlobalSection
EndGlobal
